
Microsoft Visual Studio Solution File, Format Version 12.00
# Visual Studio Version 17
VisualStudioVersion = 17.4.33122.133
MinimumVisualStudioVersion = 10.0.40219.1
Project("{FAE04EC0-301F-11D3-BF4B-00C04F79EFBC}") = "UnitTestBugDemo", "UnitTestBugDemo\UnitTestBugDemo.csproj", "{9A1222CC-E25B-4375-893D-71B15CFAD5CF}"
EndProject
Project("{FAE04EC0-301F-11D3-BF4B-00C04F79EFBC}") = "UnitTestBugDemo.Tests", "UnitTestBugDemo.Tests\UnitTestBugDemo.Tests.csproj", "{F4D82B32-844B-4832-99C5-0E56B23A2B59}"
EndProject
Global
	GlobalSection(SolutionConfigurationPlatforms) = preSolution
		Debug|Any CPU = Debug|Any CPU
		Release|Any CPU = Release|Any CPU
	EndGlobalSection
	GlobalSection(ProjectConfigurationPlatforms) = postSolution
		{9A1222CC-E25B-4375-893D-71B15CFAD5CF}.Debug|Any CPU.ActiveCfg = Debug|Any CPU
		{9A1222CC-E25B-4375-893D-71B15CFAD5CF}.Debug|Any CPU.Build.0 = Debug|Any CPU
		{9A1222CC-E25B-4375-893D-71B15CFAD5CF}.Release|Any CPU.ActiveCfg = Release|Any CPU
		{9A1222CC-E25B-4375-893D-71B15CFAD5CF}.Release|Any CPU.Build.0 = Release|Any CPU
		{F4D82B32-844B-4832-99C5-0E56B23A2B59}.Debug|Any CPU.ActiveCfg = Debug|Any CPU
		{F4D82B32-844B-4832-99C5-0E56B23A2B59}.Debug|Any CPU.Build.0 = Debug|Any CPU
		{F4D82B32-844B-4832-99C5-0E56B23A2B59}.Release|Any CPU.ActiveCfg = Release|Any CPU
		{F4D82B32-844B-4832-99C5-0E56B23A2B59}.Release|Any CPU.Build.0 = Release|Any CPU
	EndGlobalSection
	GlobalSection(SolutionProperties) = preSolution
		HideSolutionNode = FALSE
	EndGlobalSection
	GlobalSection(ExtensibilityGlobals) = postSolution
		SolutionGuid = {FF345AB8-9808-4DDD-9611-605E00CF303C}
	EndGlobalSection
EndGlobal
